// !$*UTF8*$!
{
	archiveVersion = 1;
	classes = {
	};
	objectVersion = 46;
	objects = {

/* Begin PBXBuildFile section */
		B0A67FE01A91EA7A00F6506B /* AppDelegate.swift in Sources */ = {isa = PBXBuildFile; fileRef = B0A67FDF1A91EA7A00F6506B /* AppDelegate.swift */; };
		B0A67FE21A91EA7A00F6506B /* ViewController.swift in Sources */ = {isa = PBXBuildFile; fileRef = B0A67FE11A91EA7A00F6506B /* ViewController.swift */; };
		B0A67FE41A91EA7A00F6506B /* Images.xcassets in Resources */ = {isa = PBXBuildFile; fileRef = B0A67FE31A91EA7A00F6506B /* Images.xcassets */; };
		B0A67FE71A91EA7A00F6506B /* Main.storyboard in Resources */ = {isa = PBXBuildFile; fileRef = B0A67FE51A91EA7A00F6506B /* Main.storyboard */; };
		B0A67FF31A91EA7A00F6506B /* B64Tests.swift in Sources */ = {isa = PBXBuildFile; fileRef = B0A67FF21A91EA7A00F6506B /* B64Tests.swift */; };
		B0A67FFD1A91EB7000F6506B /* DropView.swift in Sources */ = {isa = PBXBuildFile; fileRef = B0A67FFC1A91EB7000F6506B /* DropView.swift */; };
		B0A67FFF1A91F7E500F6506B /* DropDelegate.swift in Sources */ = {isa = PBXBuildFile; fileRef = B0A67FFE1A91F7E500F6506B /* DropDelegate.swift */; };
/* End PBXBuildFile section */

/* Begin PBXContainerItemProxy section */
		B0A67FED1A91EA7A00F6506B /* PBXContainerItemProxy */ = {
			isa = PBXContainerItemProxy;
			containerPortal = B0A67FD21A91EA7A00F6506B /* Project object */;
			proxyType = 1;
			remoteGlobalIDString = B0A67FD91A91EA7A00F6506B;
			remoteInfo = B64;
		};
/* End PBXContainerItemProxy section */

/* Begin PBXFileReference section */
		B0A67FDA1A91EA7A00F6506B /* B64.app */ = {isa = PBXFileReference; explicitFileType = wrapper.application; includeInIndex = 0; path = B64.app; sourceTree = BUILT_PRODUCTS_DIR; };
		B0A67FDE1A91EA7A00F6506B /* Info.plist */ = {isa = PBXFileReference; lastKnownFileType = text.plist.xml; path = Info.plist; sourceTree = "<group>"; };
		B0A67FDF1A91EA7A00F6506B /* AppDelegate.swift */ = {isa = PBXFileReference; lastKnownFileType = sourcecode.swift; path = AppDelegate.swift; sourceTree = "<group>"; };
		B0A67FE11A91EA7A00F6506B /* ViewController.swift */ = {isa = PBXFileReference; lastKnownFileType = sourcecode.swift; path = ViewController.swift; sourceTree = "<group>"; };
		B0A67FE31A91EA7A00F6506B /* Images.xcassets */ = {isa = PBXFileReference; lastKnownFileType = folder.assetcatalog; path = Images.xcassets; sourceTree = "<group>"; };
		B0A67FE61A91EA7A00F6506B /* Base */ = {isa = PBXFileReference; lastKnownFileType = file.storyboard; name = Base; path = Base.lproj/Main.storyboard; sourceTree = "<group>"; };
		B0A67FEC1A91EA7A00F6506B /* B64Tests.xctest */ = {isa = PBXFileReference; explicitFileType = wrapper.cfbundle; includeInIndex = 0; path = B64Tests.xctest; sourceTree = BUILT_PRODUCTS_DIR; };
		B0A67FF11A91EA7A00F6506B /* Info.plist */ = {isa = PBXFileReference; lastKnownFileType = text.plist.xml; path = Info.plist; sourceTree = "<group>"; };
		B0A67FF21A91EA7A00F6506B /* B64Tests.swift */ = {isa = PBXFileReference; lastKnownFileType = sourcecode.swift; path = B64Tests.swift; sourceTree = "<group>"; };
		B0A67FFC1A91EB7000F6506B /* DropView.swift */ = {isa = PBXFileReference; fileEncoding = 4; lastKnownFileType = sourcecode.swift; path = DropView.swift; sourceTree = "<group>"; };
		B0A67FFE1A91F7E500F6506B /* DropDelegate.swift */ = {isa = PBXFileReference; fileEncoding = 4; lastKnownFileType = sourcecode.swift; path = DropDelegate.swift; sourceTree = "<group>"; };
/* End PBXFileReference section */

/* Begin PBXFrameworksBuildPhase section */
		B0A67FD71A91EA7A00F6506B /* Frameworks */ = {
			isa = PBXFrameworksBuildPhase;
			buildActionMask = 2147483647;
			files = (
			);
			runOnlyForDeploymentPostprocessing = 0;
		};
		B0A67FE91A91EA7A00F6506B /* Frameworks */ = {
			isa = PBXFrameworksBuildPhase;
			buildActionMask = 2147483647;
			files = (
			);
			runOnlyForDeploymentPostprocessing = 0;
		};
/* End PBXFrameworksBuildPhase section */

/* Begin PBXGroup section */
		B0A67FD11A91EA7A00F6506B = {
			isa = PBXGroup;
			children = (
				B0A67FDC1A91EA7A00F6506B /* B64 */,
				B0A67FEF1A91EA7A00F6506B /* B64Tests */,
				B0A67FDB1A91EA7A00F6506B /* Products */,
			);
			sourceTree = "<group>";
		};
		B0A67FDB1A91EA7A00F6506B /* Products */ = {
			isa = PBXGroup;
			children = (
				B0A67FDA1A91EA7A00F6506B /* B64.app */,
				B0A67FEC1A91EA7A00F6506B /* B64Tests.xctest */,
			);
			name = Products;
			sourceTree = "<group>";
		};
		B0A67FDC1A91EA7A00F6506B /* B64 */ = {
			isa = PBXGroup;
			children = (
				B0A67FDF1A91EA7A00F6506B /* AppDelegate.swift */,
				B0A67FE11A91EA7A00F6506B /* ViewController.swift */,
				B0A67FE31A91EA7A00F6506B /* Images.xcassets */,
				B0A67FE51A91EA7A00F6506B /* Main.storyboard */,
				B0A67FDD1A91EA7A00F6506B /* Supporting Files */,
				B0A67FFC1A91EB7000F6506B /* DropView.swift */,
				B0A67FFE1A91F7E500F6506B /* DropDelegate.swift */,
			);
			path = B64;
			sourceTree = "<group>";
		};
		B0A67FDD1A91EA7A00F6506B /* Supporting Files */ = {
			isa = PBXGroup;
			children = (
				B0A67FDE1A91EA7A00F6506B /* Info.plist */,
			);
			name = "Supporting Files";
			sourceTree = "<group>";
		};
		B0A67FEF1A91EA7A00F6506B /* B64Tests */ = {
			isa = PBXGroup;
			children = (
				B0A67FF21A91EA7A00F6506B /* B64Tests.swift */,
				B0A67FF01A91EA7A00F6506B /* Supporting Files */,
			);
			path = B64Tests;
			sourceTree = "<group>";
		};
		B0A67FF01A91EA7A00F6506B /* Supporting Files */ = {
			isa = PBXGroup;
			children = (
				B0A67FF11A91EA7A00F6506B /* Info.plist */,
			);
			name = "Supporting Files";
			sourceTree = "<group>";
		};
/* End PBXGroup section */

/* Begin PBXNativeTarget section */
		B0A67FD91A91EA7A00F6506B /* B64 */ = {
			isa = PBXNativeTarget;
			buildConfigurationList = B0A67FF61A91EA7A00F6506B /* Build configuration list for PBXNativeTarget "B64" */;
			buildPhases = (
				B0A67FD61A91EA7A00F6506B /* Sources */,
				B0A67FD71A91EA7A00F6506B /* Frameworks */,
				B0A67FD81A91EA7A00F6506B /* Resources */,
			);
			buildRules = (
			);
			dependencies = (
			);
			name = B64;
			productName = B64;
			productReference = B0A67FDA1A91EA7A00F6506B /* B64.app */;
			productType = "com.apple.product-type.application";
		};
		B0A67FEB1A91EA7A00F6506B /* B64Tests */ = {
			isa = PBXNativeTarget;
			buildConfigurationList = B0A67FF91A91EA7A00F6506B /* Build configuration list for PBXNativeTarget "B64Tests" */;
			buildPhases = (
				B0A67FE81A91EA7A00F6506B /* Sources */,
				B0A67FE91A91EA7A00F6506B /* Frameworks */,
				B0A67FEA1A91EA7A00F6506B /* Resources */,
			);
			buildRules = (
			);
			dependencies = (
				B0A67FEE1A91EA7A00F6506B /* PBXTargetDependency */,
			);
			name = B64Tests;
			productName = B64Tests;
			productReference = B0A67FEC1A91EA7A00F6506B /* B64Tests.xctest */;
			productType = "com.apple.product-type.bundle.unit-test";
		};
/* End PBXNativeTarget section */

/* Begin PBXProject section */
		B0A67FD21A91EA7A00F6506B /* Project object */ = {
			isa = PBXProject;
			attributes = {
				LastUpgradeCheck = 0610;
				ORGANIZATIONNAME = Learning;
				TargetAttributes = {
					B0A67FD91A91EA7A00F6506B = {
						CreatedOnToolsVersion = 6.1.1;
					};
					B0A67FEB1A91EA7A00F6506B = {
						CreatedOnToolsVersion = 6.1.1;
						TestTargetID = B0A67FD91A91EA7A00F6506B;
					};
				};
			};
			buildConfigurationList = B0A67FD51A91EA7A00F6506B /* Build configuration list for PBXProject "B64" */;
			compatibilityVersion = "Xcode 3.2";
			developmentRegion = English;
			hasScannedForEncodings = 0;
			knownRegions = (
				en,
				Base,
			);
			mainGroup = B0A67FD11A91EA7A00F6506B;
			productRefGroup = B0A67FDB1A91EA7A00F6506B /* Products */;
			projectDirPath = "";
			projectRoot = "";
			targets = (
				B0A67FD91A91EA7A00F6506B /* B64 */,
				B0A67FEB1A91EA7A00F6506B /* B64Tests */,
			);
		};
/* End PBXProject section */

/* Begin PBXResourcesBuildPhase section */
		B0A67FD81A91EA7A00F6506B /* Resources */ = {
			isa = PBXResourcesBuildPhase;
			buildActionMask = 2147483647;
			files = (
				B0A67FE41A91EA7A00F6506B /* Images.xcassets in Resources */,
				B0A67FE71A91EA7A00F6506B /* Main.storyboard in Resources */,
			);
			runOnlyForDeploymentPostprocessing = 0;
		};
		B0A67FEA1A91EA7A00F6506B /* Resources */ = {
			isa = PBXResourcesBuildPhase;
			buildActionMask = 2147483647;
			files = (
			);
			runOnlyForDeploymentPostprocessing = 0;
		};
/* End PBXResourcesBuildPhase section */

/* Begin PBXSourcesBuildPhase section */
		B0A67FD61A91EA7A00F6506B /* Sources */ = {
			isa = PBXSourcesBuildPhase;
			buildActionMask = 2147483647;
			files = (
				B0A67FE21A91EA7A00F6506B /* ViewController.swift in Sources */,
				B0A67FFF1A91F7E500F6506B /* DropDelegate.swift in Sources */,
				B0A67FE01A91EA7A00F6506B /* AppDelegate.swift in Sources */,
				B0A67FFD1A91EB7000F6506B /* DropView.swift in Sources */,
			);
			runOnlyForDeploymentPostprocessing = 0;
		};
		B0A67FE81A91EA7A00F6506B /* Sources */ = {
			isa = PBXSourcesBuildPhase;
			buildActionMask = 2147483647;
			files = (
				B0A67FF31A91EA7A00F6506B /* B64Tests.swift in Sources */,
			);
			runOnlyForDeploymentPostprocessing = 0;
		};
/* End PBXSourcesBuildPhase section */

/* Begin PBXTargetDependency section */
		B0A67FEE1A91EA7A00F6506B /* PBXTargetDependency */ = {
			isa = PBXTargetDependency;
			target = B0A67FD91A91EA7A00F6506B /* B64 */;
			targetProxy = B0A67FED1A91EA7A00F6506B /* PBXContainerItemProxy */;
		};
/* End PBXTargetDependency section */

/* Begin PBXVariantGroup section */
		B0A67FE51A91EA7A00F6506B /* Main.storyboard */ = {
			isa = PBXVariantGroup;
			children = (
				B0A67FE61A91EA7A00F6506B /* Base */,
			);
			name = Main.storyboard;
			sourceTree = "<group>";
		};
/* End PBXVariantGroup section */

/* Begin XCBuildConfiguration section */
		B0A67FF41A91EA7A00F6506B /* Debug */ = {
			isa = XCBuildConfiguration;
			buildSettings = {
				ALWAYS_SEARCH_USER_PATHS = NO;
				CLANG_CXX_LANGUAGE_STANDARD = "gnu++0x";
				CLANG_CXX_LIBRARY = "libc++";
				CLANG_ENABLE_MODULES = YES;
				CLANG_ENABLE_OBJC_ARC = YES;
				CLANG_WARN_BOOL_CONVERSION = YES;
				CLANG_WARN_CONSTANT_CONVERSION = YES;
				CLANG_WARN_DIRECT_OBJC_ISA_USAGE = YES_ERROR;
				CLANG_WARN_EMPTY_BODY = YES;
				CLANG_WARN_ENUM_CONVERSION = YES;
				CLANG_WARN_INT_CONVERSION = YES;
				CLANG_WARN_OBJC_ROOT_CLASS = YES_ERROR;
				CLANG_WARN_UNREACHABLE_CODE = YES;
				CLANG_WARN__DUPLICATE_METHOD_MATCH = YES;
				CODE_SIGN_IDENTITY = "-";
				COPY_PHASE_STRIP = NO;
				ENABLE_STRICT_OBJC_MSGSEND = YES;
				GCC_C_LANGUAGE_STANDARD = gnu99;
				GCC_DYNAMIC_NO_PIC = NO;
				GCC_OPTIMIZATION_LEVEL = 0;
				GCC_PREPROCESSOR_DEFINITIONS = (
					"DEBUG=1",
					"$(inherited)",
				);
				GCC_SYMBOLS_PRIVATE_EXTERN = NO;
				GCC_WARN_64_TO_32_BIT_CONVERSION = YES;
				GCC_WARN_ABOUT_RETURN_TYPE = YES_ERROR;
				GCC_WARN_UNDECLARED_SELECTOR = YES;
				GCC_WARN_UNINITIALIZED_AUTOS = YES_AGGRESSIVE;
				GCC_WARN_UNUSED_FUNCTION = YES;
				GCC_WARN_UNUSED_VARIABLE = YES;
				MACOSX_DEPLOYMENT_TARGET = 10.10;
				MTL_ENABLE_DEBUG_INFO = YES;
				ONLY_ACTIVE_ARCH = YES;
				SDKROOT = macosx;
				SWIFT_OPTIMIZATION_LEVEL = "-Onone";
			};
			name = Debug;
		};
		B0A67FF51A91EA7A00F6506B /* Release */ = {
			isa = XCBuildConfiguration;
			buildSettings = {
				ALWAYS_SEARCH_USER_PATHS = NO;
				CLANG_CXX_LANGUAGE_STANDARD = "gnu++0x";
				CLANG_CXX_LIBRARY = "libc++";
				CLANG_ENABLE_MODULES = YES;
				CLANG_ENABLE_OBJC_ARC = YES;
				CLANG_WARN_BOOL_CONVERSION = YES;
				CLANG_WARN_CONSTANT_CONVERSION = YES;
				CLANG_WARN_DIRECT_OBJC_ISA_USAGE = YES_ERROR;
				CLANG_WARN_EMPTY_BODY = YES;
				CLANG_WARN_ENUM_CONVERSION = YES;
				CLANG_WARN_INT_CONVERSION = YES;
				CLANG_WARN_OBJC_ROOT_CLASS = YES_ERROR;
				CLANG_WARN_UNREACHABLE_CODE = YES;
				CLANG_WARN__DUPLICATE_METHOD_MATCH = YES;
				CODE_SIGN_IDENTITY = "-";
				COPY_PHASE_STRIP = YES;
				DEBUG_INFORMATION_FORMAT = "dwarf-with-dsym";
				ENABLE_NS_ASSERTIONS = NO;
				ENABLE_STRICT_OBJC_MSGSEND = YES;
				GCC_C_LANGUAGE_STANDARD = gnu99;
				GCC_WARN_64_TO_32_BIT_CONVERSION = YES;
				GCC_WARN_ABOUT_RETURN_TYPE = YES_ERROR;
				GCC_WARN_UNDECLARED_SELECTOR = YES;
				GCC_WARN_UNINITIALIZED_AUTOS = YES_AGGRESSIVE;
				GCC_WARN_UNUSED_FUNCTION = YES;
				GCC_WARN_UNUSED_VARIABLE = YES;
				MACOSX_DEPLOYMENT_TARGET = 10.10;
				MTL_ENABLE_DEBUG_INFO = NO;
				SDKROOT = macosx;
			};
			name = Release;
		};
		B0A67FF71A91EA7A00F6506B /* Debug */ = {
			isa = XCBuildConfiguration;
			buildSettings = {
				ASSETCATALOG_COMPILER_APPICON_NAME = AppIcon;
				COMBINE_HIDPI_IMAGES = YES;
				INFOPLIST_FILE = B64/Info.plist;
				LD_RUNPATH_SEARCH_PATHS = "$(inherited) @executable_path/../Frameworks";
				PRODUCT_NAME = "$(TARGET_NAME)";
			};
			name = Debug;
		};
		B0A67FF81A91EA7A00F6506B /* Release */ = {
			isa = XCBuildConfiguration;
			buildSettings = {
				ASSETCATALOG_COMPILER_APPICON_NAME = AppIcon;
				COMBINE_HIDPI_IMAGES = YES;
				INFOPLIST_FILE = B64/Info.plist;
				LD_RUNPATH_SEARCH_PATHS = "$(inherited) @executable_path/../Frameworks";
				PRODUCT_NAME = "$(TARGET_NAME)";
			};
			name = Release;
		};
		B0A67FFA1A91EA7A00F6506B /* Debug */ = {
			isa = XCBuildConfiguration;
			buildSettings = {
				BUNDLE_LOADER = "$(TEST_HOST)";
				COMBINE_HIDPI_IMAGES = YES;
				FRAMEWORK_SEARCH_PATHS = (
					"$(DEVELOPER_FRAMEWORKS_DIR)",
					"$(inherited)",
				);
				GCC_PREPROCESSOR_DEFINITIONS = (
					"DEBUG=1",
					"$(inherited)",
				);
				INFOPLIST_FILE = B64Tests/Info.plist;
				LD_RUNPATH_SEARCH_PATHS = "$(inherited) @executable_path/../Frameworks @loader_path/../Frameworks";
				PRODUCT_NAME = "$(TARGET_NAME)";
				TEST_HOST = "$(BUILT_PRODUCTS_DIR)/B64.app/Contents/MacOS/B64";
			};
			name = Debug;
		};
		B0A67FFB1A91EA7A00F6506B /* Release */ = {
			isa = XCBuildConfiguration;
			buildSettings = {
				BUNDLE_LOADER = "$(TEST_HOST)";
				COMBINE_HIDPI_IMAGES = YES;
				FRAMEWORK_SEARCH_PATHS = (
					"$(DEVELOPER_FRAMEWORKS_DIR)",
					"$(inherited)",
				);
				INFOPLIST_FILE = B64Tests/Info.plist;
				LD_RUNPATH_SEARCH_PATHS = "$(inherited) @executable_path/../Frameworks @loader_path/../Frameworks";
				PRODUCT_NAME = "$(TARGET_NAME)";
				TEST_HOST = "$(BUILT_PRODUCTS_DIR)/B64.app/Contents/MacOS/B64";
			};
			name = Release;
		};
/* End XCBuildConfiguration section */

/* Begin XCConfigurationList section */
		B0A67FD51A91EA7A00F6506B /* Build configuration list for PBXProject "B64" */ = {
			isa = XCConfigurationList;
			buildConfigurations = (
				B0A67FF41A91EA7A00F6506B /* Debug */,
				B0A67FF51A91EA7A00F6506B /* Release */,
			);
			defaultConfigurationIsVisible = 0;
			defaultConfigurationName = Release;
		};
		B0A67FF61A91EA7A00F6506B /* Build configuration list for PBXNativeTarget "B64" */ = {
			isa = XCConfigurationList;
			buildConfigurations = (
				B0A67FF71A91EA7A00F6506B /* Debug */,
				B0A67FF81A91EA7A00F6506B /* Release */,
			);
			defaultConfigurationIsVisible = 0;
		};
		B0A67FF91A91EA7A00F6506B /* Build configuration list for PBXNativeTarget "B64Tests" */ = {
			isa = XCConfigurationList;
			buildConfigurations = (
				B0A67FFA1A91EA7A00F6506B /* Debug */,
				B0A67FFB1A91EA7A00F6506B /* Release */,
			);
			defaultConfigurationIsVisible = 0;
		};
/* End XCConfigurationList section */
	};
	rootObject = B0A67FD21A91EA7A00F6506B /* Project object */;
}
